
Microsoft Visual Studio Solution File, Format Version 12.00
# Visual Studio Version 17
VisualStudioVersion = 17.0.32112.339
MinimumVisualStudioVersion = 10.0.40219.1
Project("{9A19103F-16F7-4668-BE54-9A1E7A4F7556}") = "program", "program\program.csproj", "{671CD020-3FF1-4DBA-896F-0E9FD2AA5814}"
EndProject
Project("{FAE04EC0-301F-11D3-BF4B-00C04F79EFBC}") = "TestProject1", "TestProject1\TestProject1.csproj", "{58EA6D1A-81EA-4AF5-8C04-48149BF945C2}"
EndProject
Global
	GlobalSection(SolutionConfigurationPlatforms) = preSolution
		Debug|Any CPU = Debug|Any CPU
		Release|Any CPU = Release|Any CPU
	EndGlobalSection
	GlobalSection(ProjectConfigurationPlatforms) = postSolution
		{671CD020-3FF1-4DBA-896F-0E9FD2AA5814}.Debug|Any CPU.ActiveCfg = Debug|Any CPU
		{671CD020-3FF1-4DBA-896F-0E9FD2AA5814}.Debug|Any CPU.Build.0 = Debug|Any CPU
		{671CD020-3FF1-4DBA-896F-0E9FD2AA5814}.Release|Any CPU.ActiveCfg = Release|Any CPU
		{671CD020-3FF1-4DBA-896F-0E9FD2AA5814}.Release|Any CPU.Build.0 = Release|Any CPU
		{58EA6D1A-81EA-4AF5-8C04-48149BF945C2}.Debug|Any CPU.ActiveCfg = Debug|Any CPU
		{58EA6D1A-81EA-4AF5-8C04-48149BF945C2}.Debug|Any CPU.Build.0 = Debug|Any CPU
		{58EA6D1A-81EA-4AF5-8C04-48149BF945C2}.Release|Any CPU.ActiveCfg = Release|Any CPU
		{58EA6D1A-81EA-4AF5-8C04-48149BF945C2}.Release|Any CPU.Build.0 = Release|Any CPU
	EndGlobalSection
	GlobalSection(SolutionProperties) = preSolution
		HideSolutionNode = FALSE
	EndGlobalSection
	GlobalSection(ExtensibilityGlobals) = postSolution
		SolutionGuid = {4E73E601-24FD-4A56-95C5-FC2D6E625CED}
	EndGlobalSection
EndGlobal
